
Microsoft Visual Studio Solution File, Format Version 12.00
# Visual Studio Version 17
VisualStudioVersion = 17.2.32616.157
MinimumVisualStudioVersion = 10.0.40219.1
Project("{9A19103F-16F7-4668-BE54-9A1E7A4F7556}") = "Get_Requests_From_Client_For_Project_Test", "Get_Requests_From_Client_For_Project_Test.csproj", "{FD6F89EA-75BE-4C55-9996-69B068F91FA5}"
EndProject
Project("{E53339B2-1760-4266-BCC7-CA923CBCF16C}") = "docker-compose", "docker-compose.dcproj", "{74C7B0C1-FEDE-4A15-85B3-BC1048FEC902}"
EndProject
Project("{9A19103F-16F7-4668-BE54-9A1E7A4F7556}") = "RabbitMQToHTTPLoadBalancingService", "RabbitMQToHTTPLoadBalancingService\RabbitMQToHTTPLoadBalancingService.csproj", "{DA9DE634-9466-4859-B4F2-89A8FFBB9538}"
EndProject
Global
	GlobalSection(SolutionConfigurationPlatforms) = preSolution
		Debug|Any CPU = Debug|Any CPU
		Release|Any CPU = Release|Any CPU
	EndGlobalSection
	GlobalSection(ProjectConfigurationPlatforms) = postSolution
		{FD6F89EA-75BE-4C55-9996-69B068F91FA5}.Debug|Any CPU.ActiveCfg = Debug|Any CPU
		{FD6F89EA-75BE-4C55-9996-69B068F91FA5}.Debug|Any CPU.Build.0 = Debug|Any CPU
		{FD6F89EA-75BE-4C55-9996-69B068F91FA5}.Release|Any CPU.ActiveCfg = Release|Any CPU
		{FD6F89EA-75BE-4C55-9996-69B068F91FA5}.Release|Any CPU.Build.0 = Release|Any CPU
		{74C7B0C1-FEDE-4A15-85B3-BC1048FEC902}.Debug|Any CPU.ActiveCfg = Debug|Any CPU
		{74C7B0C1-FEDE-4A15-85B3-BC1048FEC902}.Debug|Any CPU.Build.0 = Debug|Any CPU
		{74C7B0C1-FEDE-4A15-85B3-BC1048FEC902}.Release|Any CPU.ActiveCfg = Release|Any CPU
		{74C7B0C1-FEDE-4A15-85B3-BC1048FEC902}.Release|Any CPU.Build.0 = Release|Any CPU
		{DA9DE634-9466-4859-B4F2-89A8FFBB9538}.Debug|Any CPU.ActiveCfg = Debug|Any CPU
		{DA9DE634-9466-4859-B4F2-89A8FFBB9538}.Debug|Any CPU.Build.0 = Debug|Any CPU
		{DA9DE634-9466-4859-B4F2-89A8FFBB9538}.Release|Any CPU.ActiveCfg = Release|Any CPU
		{DA9DE634-9466-4859-B4F2-89A8FFBB9538}.Release|Any CPU.Build.0 = Release|Any CPU
	EndGlobalSection
	GlobalSection(SolutionProperties) = preSolution
		HideSolutionNode = FALSE
	EndGlobalSection
	GlobalSection(ExtensibilityGlobals) = postSolution
		SolutionGuid = {1FB2F1D8-11DC-4C8F-9284-5A7F6E1EAA99}
	EndGlobalSection
EndGlobal
