
Microsoft Visual Studio Solution File, Format Version 12.00
# Visual Studio Version 17
VisualStudioVersion = 17.2.32630.192
MinimumVisualStudioVersion = 10.0.40219.1
Project("{9A19103F-16F7-4668-BE54-9A1E7A4F7556}") = "Get_Requests_From_Client_For_Project_Test", "Get_Requests_From_Client_For_Project_Test.csproj", "{FD6F89EA-75BE-4C55-9996-69B068F91FA5}"
EndProject
Project("{9A19103F-16F7-4668-BE54-9A1E7A4F7556}") = "RabbitMQToHTTPLoadBalancingService", "RabbitMQToHTTPLoadBalancingService\RabbitMQToHTTPLoadBalancingService.csproj", "{4CADBC96-27A3-4587-A3F6-FDF648F7C1A3}"
EndProject
Global
	GlobalSection(SolutionConfigurationPlatforms) = preSolution
		Debug|Any CPU = Debug|Any CPU
		Release|Any CPU = Release|Any CPU
	EndGlobalSection
	GlobalSection(ProjectConfigurationPlatforms) = postSolution
		{FD6F89EA-75BE-4C55-9996-69B068F91FA5}.Debug|Any CPU.ActiveCfg = Debug|Any CPU
		{FD6F89EA-75BE-4C55-9996-69B068F91FA5}.Debug|Any CPU.Build.0 = Debug|Any CPU
		{FD6F89EA-75BE-4C55-9996-69B068F91FA5}.Release|Any CPU.ActiveCfg = Release|Any CPU
		{FD6F89EA-75BE-4C55-9996-69B068F91FA5}.Release|Any CPU.Build.0 = Release|Any CPU
		{4CADBC96-27A3-4587-A3F6-FDF648F7C1A3}.Debug|Any CPU.ActiveCfg = Debug|Any CPU
		{4CADBC96-27A3-4587-A3F6-FDF648F7C1A3}.Debug|Any CPU.Build.0 = Debug|Any CPU
		{4CADBC96-27A3-4587-A3F6-FDF648F7C1A3}.Release|Any CPU.ActiveCfg = Release|Any CPU
		{4CADBC96-27A3-4587-A3F6-FDF648F7C1A3}.Release|Any CPU.Build.0 = Release|Any CPU
	EndGlobalSection
	GlobalSection(SolutionProperties) = preSolution
		HideSolutionNode = FALSE
	EndGlobalSection
	GlobalSection(ExtensibilityGlobals) = postSolution
		SolutionGuid = {1FB2F1D8-11DC-4C8F-9284-5A7F6E1EAA99}
	EndGlobalSection
EndGlobal
